// !$*UTF8*$!
{
	archiveVersion = 1;
	classes = {
	};
	objectVersion = 54;
	objects = {

/* Begin PBXBuildFile section */
		00E356F31AD99517003FC87E /* goodtagsTests.m in Sources */ = {isa = PBXBuildFile; fileRef = 00E356F21AD99517003FC87E /* goodtagsTests.m */; };
		13B07FBC1A68108700A75B9A /* AppDelegate.mm in Sources */ = {isa = PBXBuildFile; fileRef = 13B07FB01A68108700A75B9A /* AppDelegate.mm */; };
		13B07FBF1A68108700A75B9A /* Images.xcassets in Resources */ = {isa = PBXBuildFile; fileRef = 13B07FB51A68108700A75B9A /* Images.xcassets */; };
		13B07FC11A68108700A75B9A /* main.m in Sources */ = {isa = PBXBuildFile; fileRef = 13B07FB71A68108700A75B9A /* main.m */; };
		2732625C42AF445DBDB3CE94 /* Lato-Regular.ttf in Resources */ = {isa = PBXBuildFile; fileRef = 2B74FB41D8F8401AB304D74C /* Lato-Regular.ttf */; };
		5B67A35CA1654C6691F299D4 /* Vollkorn-Regular.ttf in Resources */ = {isa = PBXBuildFile; fileRef = F17FAC56F0D04B079899E0E0 /* Vollkorn-Regular.ttf */; };
		76F15C209052C9BA88C34ECE /* libPods-goodtags-goodtagsTests.a in Frameworks */ = {isa = PBXBuildFile; fileRef = B9BB87970B8D7906FF6533E4 /* libPods-goodtags-goodtagsTests.a */; };
		83DB75A57A2943AAB61CE373 /* Vollkorn-Black.ttf in Resources */ = {isa = PBXBuildFile; fileRef = 035E1D3F4B1B420FAE652807 /* Vollkorn-Black.ttf */; };
		844FE9D14F3ED908F5BA81E3 /* ExpoModulesProvider.swift in Sources */ = {isa = PBXBuildFile; fileRef = 2FBA4D414CE48265321892A1 /* ExpoModulesProvider.swift */; };
		BA282F83294FA047004E2192 /* goodtagsUITests.swift in Sources */ = {isa = PBXBuildFile; fileRef = BA282F82294FA047004E2192 /* goodtagsUITests.swift */; };
		BA282F85294FA047004E2192 /* goodtagsUITestsLaunchTests.swift in Sources */ = {isa = PBXBuildFile; fileRef = BA282F84294FA047004E2192 /* goodtagsUITestsLaunchTests.swift */; };
		BA923FC729B5153300B09F23 /* screenshot.swift in Sources */ = {isa = PBXBuildFile; fileRef = BA923FC629B5153300B09F23 /* screenshot.swift */; };
		BA923FC929B5153300B09F23 /* screenshotLaunchTests.swift in Sources */ = {isa = PBXBuildFile; fileRef = BA923FC829B5153300B09F23 /* screenshotLaunchTests.swift */; };
		BA923FD029B5154600B09F23 /* SnapshotHelper.swift in Sources */ = {isa = PBXBuildFile; fileRef = BA923FCF29B5154600B09F23 /* SnapshotHelper.swift */; };
		BAD2C328294C4FA700AA1F08 /* LaunchScreen.xib in Resources */ = {isa = PBXBuildFile; fileRef = BAD2C327294C4FA600AA1F08 /* LaunchScreen.xib */; };
		BAEF9C442946B93700BE394F /* aflat.mp3 in Resources */ = {isa = PBXBuildFile; fileRef = BAEF9C372946B93700BE394F /* aflat.mp3 */; };
		BAEF9C462946B93700BE394F /* fnatural.mp3 in Resources */ = {isa = PBXBuildFile; fileRef = BAEF9C392946B93700BE394F /* fnatural.mp3 */; };
		BAEF9C472946B93700BE394F /* gflat.mp3 in Resources */ = {isa = PBXBuildFile; fileRef = BAEF9C3A2946B93700BE394F /* gflat.mp3 */; };
		BAEF9C482946B93700BE394F /* cnatural.mp3 in Resources */ = {isa = PBXBuildFile; fileRef = BAEF9C3B2946B93700BE394F /* cnatural.mp3 */; };
		BAEF9C492946B93700BE394F /* anatural.mp3 in Resources */ = {isa = PBXBuildFile; fileRef = BAEF9C3C2946B93700BE394F /* anatural.mp3 */; };
		BAEF9C4A2946B93700BE394F /* enatural.mp3 in Resources */ = {isa = PBXBuildFile; fileRef = BAEF9C3D2946B93700BE394F /* enatural.mp3 */; };
		BAEF9C4B2946B93700BE394F /* bnatural.mp3 in Resources */ = {isa = PBXBuildFile; fileRef = BAEF9C3E2946B93700BE394F /* bnatural.mp3 */; };
		BAEF9C4C2946B93700BE394F /* eflat.mp3 in Resources */ = {isa = PBXBuildFile; fileRef = BAEF9C3F2946B93700BE394F /* eflat.mp3 */; };
		BAEF9C4D2946B93700BE394F /* gnatural.mp3 in Resources */ = {isa = PBXBuildFile; fileRef = BAEF9C402946B93700BE394F /* gnatural.mp3 */; };
		BAEF9C4E2946B93700BE394F /* bflat.mp3 in Resources */ = {isa = PBXBuildFile; fileRef = BAEF9C412946B93700BE394F /* bflat.mp3 */; };
		BAEF9C4F2946B93700BE394F /* dnatural.mp3 in Resources */ = {isa = PBXBuildFile; fileRef = BAEF9C422946B93700BE394F /* dnatural.mp3 */; };
		BAEF9C502946B93700BE394F /* dflat.mp3 in Resources */ = {isa = PBXBuildFile; fileRef = BAEF9C432946B93700BE394F /* dflat.mp3 */; };
		C7EDCF8B017F870014B2A966 /* libPods-goodtags.a in Frameworks */ = {isa = PBXBuildFile; fileRef = 3B5B1833B84232F819D34EFE /* libPods-goodtags.a */; };
		F48F964C43C72C2D20E1B4E7 /* ExpoModulesProvider.swift in Sources */ = {isa = PBXBuildFile; fileRef = 960023538D189AD82CE4CE00 /* ExpoModulesProvider.swift */; };
/* End PBXBuildFile section */

/* Begin PBXContainerItemProxy section */
		00E356F41AD99517003FC87E /* PBXContainerItemProxy */ = {
			isa = PBXContainerItemProxy;
			containerPortal = 83CBB9F71A601CBA00E9B192 /* Project object */;
			proxyType = 1;
			remoteGlobalIDString = 13B07F861A680F5B00A75B9A;
			remoteInfo = goodtags;
		};
		BA282F86294FA047004E2192 /* PBXContainerItemProxy */ = {
			isa = PBXContainerItemProxy;
			containerPortal = 83CBB9F71A601CBA00E9B192 /* Project object */;
			proxyType = 1;
			remoteGlobalIDString = 13B07F861A680F5B00A75B9A;
			remoteInfo = goodtags;
		};
		BA923FCA29B5153300B09F23 /* PBXContainerItemProxy */ = {
			isa = PBXContainerItemProxy;
			containerPortal = 83CBB9F71A601CBA00E9B192 /* Project object */;
			proxyType = 1;
			remoteGlobalIDString = 13B07F861A680F5B00A75B9A;
			remoteInfo = goodtags;
		};
/* End PBXContainerItemProxy section */

/* Begin PBXFileReference section */
		00E356EE1AD99517003FC87E /* goodtagsTests.xctest */ = {isa = PBXFileReference; explicitFileType = wrapper.cfbundle; includeInIndex = 0; path = goodtagsTests.xctest; sourceTree = BUILT_PRODUCTS_DIR; };
		00E356F11AD99517003FC87E /* Info.plist */ = {isa = PBXFileReference; lastKnownFileType = text.plist.xml; path = Info.plist; sourceTree = "<group>"; };
		00E356F21AD99517003FC87E /* goodtagsTests.m */ = {isa = PBXFileReference; lastKnownFileType = sourcecode.c.objc; path = goodtagsTests.m; sourceTree = "<group>"; };
		035E1D3F4B1B420FAE652807 /* Vollkorn-Black.ttf */ = {isa = PBXFileReference; explicitFileType = undefined; fileEncoding = 9; includeInIndex = 0; lastKnownFileType = unknown; name = "Vollkorn-Black.ttf"; path = "../src/assets/fonts/Vollkorn-Black.ttf"; sourceTree = "<group>"; };
		13B07F961A680F5B00A75B9A /* goodtags.app */ = {isa = PBXFileReference; explicitFileType = wrapper.application; includeInIndex = 0; path = goodtags.app; sourceTree = BUILT_PRODUCTS_DIR; };
		13B07FAF1A68108700A75B9A /* AppDelegate.h */ = {isa = PBXFileReference; fileEncoding = 4; lastKnownFileType = sourcecode.c.h; name = AppDelegate.h; path = goodtags/AppDelegate.h; sourceTree = "<group>"; };
		13B07FB01A68108700A75B9A /* AppDelegate.mm */ = {isa = PBXFileReference; fileEncoding = 4; lastKnownFileType = sourcecode.cpp.objcpp; name = AppDelegate.mm; path = goodtags/AppDelegate.mm; sourceTree = "<group>"; };
		13B07FB51A68108700A75B9A /* Images.xcassets */ = {isa = PBXFileReference; lastKnownFileType = folder.assetcatalog; name = Images.xcassets; path = goodtags/Images.xcassets; sourceTree = "<group>"; };
		13B07FB61A68108700A75B9A /* Info.plist */ = {isa = PBXFileReference; fileEncoding = 4; lastKnownFileType = text.plist.xml; name = Info.plist; path = goodtags/Info.plist; sourceTree = "<group>"; };
		13B07FB71A68108700A75B9A /* main.m */ = {isa = PBXFileReference; fileEncoding = 4; lastKnownFileType = sourcecode.c.objc; name = main.m; path = goodtags/main.m; sourceTree = "<group>"; };
		1F6164C68DF3F0B3EB373C9E /* Pods-goodtags-goodtagsTests.release.xcconfig */ = {isa = PBXFileReference; includeInIndex = 1; lastKnownFileType = text.xcconfig; name = "Pods-goodtags-goodtagsTests.release.xcconfig"; path = "Target Support Files/Pods-goodtags-goodtagsTests/Pods-goodtags-goodtagsTests.release.xcconfig"; sourceTree = "<group>"; };
		2B74FB41D8F8401AB304D74C /* Lato-Regular.ttf */ = {isa = PBXFileReference; explicitFileType = undefined; fileEncoding = 9; includeInIndex = 0; lastKnownFileType = unknown; name = "Lato-Regular.ttf"; path = "../src/assets/fonts/Lato-Regular.ttf"; sourceTree = "<group>"; };
		2FBA4D414CE48265321892A1 /* ExpoModulesProvider.swift */ = {isa = PBXFileReference; includeInIndex = 1; lastKnownFileType = sourcecode.swift; name = ExpoModulesProvider.swift; path = "Pods/Target Support Files/Pods-goodtags/ExpoModulesProvider.swift"; sourceTree = "<group>"; };
		3B5B1833B84232F819D34EFE /* libPods-goodtags.a */ = {isa = PBXFileReference; explicitFileType = archive.ar; includeInIndex = 0; path = "libPods-goodtags.a"; sourceTree = BUILT_PRODUCTS_DIR; };
		62DAAA88827BEB3E401D1FDB /* Pods-goodtags.release.xcconfig */ = {isa = PBXFileReference; includeInIndex = 1; lastKnownFileType = text.xcconfig; name = "Pods-goodtags.release.xcconfig"; path = "Target Support Files/Pods-goodtags/Pods-goodtags.release.xcconfig"; sourceTree = "<group>"; };
		960023538D189AD82CE4CE00 /* ExpoModulesProvider.swift */ = {isa = PBXFileReference; includeInIndex = 1; lastKnownFileType = sourcecode.swift; name = ExpoModulesProvider.swift; path = "Pods/Target Support Files/Pods-goodtags-goodtagsTests/ExpoModulesProvider.swift"; sourceTree = "<group>"; };
		B9BB87970B8D7906FF6533E4 /* libPods-goodtags-goodtagsTests.a */ = {isa = PBXFileReference; explicitFileType = archive.ar; includeInIndex = 0; path = "libPods-goodtags-goodtagsTests.a"; sourceTree = BUILT_PRODUCTS_DIR; };
		BA282F80294FA047004E2192 /* goodtagsUITests.xctest */ = {isa = PBXFileReference; explicitFileType = wrapper.cfbundle; includeInIndex = 0; path = goodtagsUITests.xctest; sourceTree = BUILT_PRODUCTS_DIR; };
		BA282F82294FA047004E2192 /* goodtagsUITests.swift */ = {isa = PBXFileReference; lastKnownFileType = sourcecode.swift; path = goodtagsUITests.swift; sourceTree = "<group>"; };
		BA282F84294FA047004E2192 /* goodtagsUITestsLaunchTests.swift */ = {isa = PBXFileReference; lastKnownFileType = sourcecode.swift; path = goodtagsUITestsLaunchTests.swift; sourceTree = "<group>"; };
		BA923FC429B5153300B09F23 /* screenshot.xctest */ = {isa = PBXFileReference; explicitFileType = wrapper.cfbundle; includeInIndex = 0; path = screenshot.xctest; sourceTree = BUILT_PRODUCTS_DIR; };
		BA923FC629B5153300B09F23 /* screenshot.swift */ = {isa = PBXFileReference; lastKnownFileType = sourcecode.swift; path = screenshot.swift; sourceTree = "<group>"; };
		BA923FC829B5153300B09F23 /* screenshotLaunchTests.swift */ = {isa = PBXFileReference; lastKnownFileType = sourcecode.swift; path = screenshotLaunchTests.swift; sourceTree = "<group>"; };
		BA923FCF29B5154600B09F23 /* SnapshotHelper.swift */ = {isa = PBXFileReference; fileEncoding = 4; lastKnownFileType = sourcecode.swift; name = SnapshotHelper.swift; path = fastlane/SnapshotHelper.swift; sourceTree = SOURCE_ROOT; };
		BAD2C327294C4FA600AA1F08 /* LaunchScreen.xib */ = {isa = PBXFileReference; fileEncoding = 4; lastKnownFileType = file.xib; path = LaunchScreen.xib; sourceTree = "<group>"; };
		BAEF9C372946B93700BE394F /* aflat.mp3 */ = {isa = PBXFileReference; lastKnownFileType = audio.mp3; path = aflat.mp3; sourceTree = "<group>"; };
		BAEF9C392946B93700BE394F /* fnatural.mp3 */ = {isa = PBXFileReference; lastKnownFileType = audio.mp3; path = fnatural.mp3; sourceTree = "<group>"; };
		BAEF9C3A2946B93700BE394F /* gflat.mp3 */ = {isa = PBXFileReference; lastKnownFileType = audio.mp3; path = gflat.mp3; sourceTree = "<group>"; };
		BAEF9C3B2946B93700BE394F /* cnatural.mp3 */ = {isa = PBXFileReference; lastKnownFileType = audio.mp3; path = cnatural.mp3; sourceTree = "<group>"; };
		BAEF9C3C2946B93700BE394F /* anatural.mp3 */ = {isa = PBXFileReference; lastKnownFileType = audio.mp3; path = anatural.mp3; sourceTree = "<group>"; };
		BAEF9C3D2946B93700BE394F /* enatural.mp3 */ = {isa = PBXFileReference; lastKnownFileType = audio.mp3; path = enatural.mp3; sourceTree = "<group>"; };
		BAEF9C3E2946B93700BE394F /* bnatural.mp3 */ = {isa = PBXFileReference; lastKnownFileType = audio.mp3; path = bnatural.mp3; sourceTree = "<group>"; };
		BAEF9C3F2946B93700BE394F /* eflat.mp3 */ = {isa = PBXFileReference; lastKnownFileType = audio.mp3; path = eflat.mp3; sourceTree = "<group>"; };
		BAEF9C402946B93700BE394F /* gnatural.mp3 */ = {isa = PBXFileReference; lastKnownFileType = audio.mp3; path = gnatural.mp3; sourceTree = "<group>"; };
		BAEF9C412946B93700BE394F /* bflat.mp3 */ = {isa = PBXFileReference; lastKnownFileType = audio.mp3; path = bflat.mp3; sourceTree = "<group>"; };
		BAEF9C422946B93700BE394F /* dnatural.mp3 */ = {isa = PBXFileReference; lastKnownFileType = audio.mp3; path = dnatural.mp3; sourceTree = "<group>"; };
		BAEF9C432946B93700BE394F /* dflat.mp3 */ = {isa = PBXFileReference; lastKnownFileType = audio.mp3; path = dflat.mp3; sourceTree = "<group>"; };
		C36E4C7A52AF7F0C4630ED5F /* Pods-goodtags.screenshot.xcconfig */ = {isa = PBXFileReference; includeInIndex = 1; lastKnownFileType = text.xcconfig; name = "Pods-goodtags.screenshot.xcconfig"; path = "Target Support Files/Pods-goodtags/Pods-goodtags.screenshot.xcconfig"; sourceTree = "<group>"; };
		D9B9BC71ABA065395206AAFD /* Pods-goodtags-goodtagsTests.debug.xcconfig */ = {isa = PBXFileReference; includeInIndex = 1; lastKnownFileType = text.xcconfig; name = "Pods-goodtags-goodtagsTests.debug.xcconfig"; path = "Target Support Files/Pods-goodtags-goodtagsTests/Pods-goodtags-goodtagsTests.debug.xcconfig"; sourceTree = "<group>"; };
		ECAEA11956D3396B3112BD7D /* Pods-goodtags-goodtagsTests.screenshot.xcconfig */ = {isa = PBXFileReference; includeInIndex = 1; lastKnownFileType = text.xcconfig; name = "Pods-goodtags-goodtagsTests.screenshot.xcconfig"; path = "Target Support Files/Pods-goodtags-goodtagsTests/Pods-goodtags-goodtagsTests.screenshot.xcconfig"; sourceTree = "<group>"; };
		ED297162215061F000B7C4FE /* JavaScriptCore.framework */ = {isa = PBXFileReference; lastKnownFileType = wrapper.framework; name = JavaScriptCore.framework; path = System/Library/Frameworks/JavaScriptCore.framework; sourceTree = SDKROOT; };
		F17FAC56F0D04B079899E0E0 /* Vollkorn-Regular.ttf */ = {isa = PBXFileReference; explicitFileType = undefined; fileEncoding = 9; includeInIndex = 0; lastKnownFileType = unknown; name = "Vollkorn-Regular.ttf"; path = "../src/assets/fonts/Vollkorn-Regular.ttf"; sourceTree = "<group>"; };
		FEE74B9DD0DBBC05EAF2137A /* Pods-goodtags.debug.xcconfig */ = {isa = PBXFileReference; includeInIndex = 1; lastKnownFileType = text.xcconfig; name = "Pods-goodtags.debug.xcconfig"; path = "Target Support Files/Pods-goodtags/Pods-goodtags.debug.xcconfig"; sourceTree = "<group>"; };
/* End PBXFileReference section */

/* Begin PBXFrameworksBuildPhase section */
		00E356EB1AD99517003FC87E /* Frameworks */ = {
			isa = PBXFrameworksBuildPhase;
			buildActionMask = 2147483647;
			files = (
				76F15C209052C9BA88C34ECE /* libPods-goodtags-goodtagsTests.a in Frameworks */,
			);
			runOnlyForDeploymentPostprocessing = 0;
		};
		13B07F8C1A680F5B00A75B9A /* Frameworks */ = {
			isa = PBXFrameworksBuildPhase;
			buildActionMask = 2147483647;
			files = (
				C7EDCF8B017F870014B2A966 /* libPods-goodtags.a in Frameworks */,
			);
			runOnlyForDeploymentPostprocessing = 0;
		};
		BA282F7D294FA047004E2192 /* Frameworks */ = {
			isa = PBXFrameworksBuildPhase;
			buildActionMask = 2147483647;
			files = (
			);
			runOnlyForDeploymentPostprocessing = 0;
		};
		BA923FC129B5153300B09F23 /* Frameworks */ = {
			isa = PBXFrameworksBuildPhase;
			buildActionMask = 2147483647;
			files = (
			);
			runOnlyForDeploymentPostprocessing = 0;
		};
/* End PBXFrameworksBuildPhase section */

/* Begin PBXGroup section */
		00E356EF1AD99517003FC87E /* goodtagsTests */ = {
			isa = PBXGroup;
			children = (
				00E356F21AD99517003FC87E /* goodtagsTests.m */,
				00E356F01AD99517003FC87E /* Supporting Files */,
			);
			path = goodtagsTests;
			sourceTree = "<group>";
		};
		00E356F01AD99517003FC87E /* Supporting Files */ = {
			isa = PBXGroup;
			children = (
				00E356F11AD99517003FC87E /* Info.plist */,
			);
			name = "Supporting Files";
			sourceTree = "<group>";
		};
		13B07FAE1A68108700A75B9A /* goodtags */ = {
			isa = PBXGroup;
			children = (
				BAD2C327294C4FA600AA1F08 /* LaunchScreen.xib */,
				13B07FAF1A68108700A75B9A /* AppDelegate.h */,
				13B07FB01A68108700A75B9A /* AppDelegate.mm */,
				13B07FB51A68108700A75B9A /* Images.xcassets */,
				13B07FB61A68108700A75B9A /* Info.plist */,
				13B07FB71A68108700A75B9A /* main.m */,
			);
			name = goodtags;
			sourceTree = "<group>";
		};
		2D16E6871FA4F8E400B85C8A /* Frameworks */ = {
			isa = PBXGroup;
			children = (
				ED297162215061F000B7C4FE /* JavaScriptCore.framework */,
				3B5B1833B84232F819D34EFE /* libPods-goodtags.a */,
				B9BB87970B8D7906FF6533E4 /* libPods-goodtags-goodtagsTests.a */,
			);
			name = Frameworks;
			sourceTree = "<group>";
		};
		3D37DB4226E0D123DB65030D /* ExpoModulesProviders */ = {
			isa = PBXGroup;
			children = (
				42A3F87FBD6696D9A72A009E /* goodtags */,
				C2886697EC06AC4647F6E4AF /* goodtagsTests */,
			);
			name = ExpoModulesProviders;
			sourceTree = "<group>";
		};
		42A3F87FBD6696D9A72A009E /* goodtags */ = {
			isa = PBXGroup;
			children = (
				2FBA4D414CE48265321892A1 /* ExpoModulesProvider.swift */,
			);
			name = goodtags;
			sourceTree = "<group>";
		};
		5B4ACEE6D28846209DDB1591 /* Resources */ = {
			isa = PBXGroup;
			children = (
				035E1D3F4B1B420FAE652807 /* Vollkorn-Black.ttf */,
				2B74FB41D8F8401AB304D74C /* Lato-Regular.ttf */,
				F17FAC56F0D04B079899E0E0 /* Vollkorn-Regular.ttf */,
			);
			name = Resources;
			sourceTree = "<group>";
		};
		832341AE1AAA6A7D00B99B32 /* Libraries */ = {
			isa = PBXGroup;
			children = (
			);
			name = Libraries;
			sourceTree = "<group>";
		};
		83CBB9F61A601CBA00E9B192 = {
			isa = PBXGroup;
			children = (
				BAD2C315294C3E0600AA1F08 /* notes */,
				13B07FAE1A68108700A75B9A /* goodtags */,
				832341AE1AAA6A7D00B99B32 /* Libraries */,
				00E356EF1AD99517003FC87E /* goodtagsTests */,
				BA282F81294FA047004E2192 /* goodtagsUITests */,
				BA923FC529B5153300B09F23 /* screenshot */,
				83CBBA001A601CBA00E9B192 /* Products */,
				2D16E6871FA4F8E400B85C8A /* Frameworks */,
				BBD78D7AC51CEA395F1C20DB /* Pods */,
				5B4ACEE6D28846209DDB1591 /* Resources */,
				3D37DB4226E0D123DB65030D /* ExpoModulesProviders */,
			);
			indentWidth = 2;
			sourceTree = "<group>";
			tabWidth = 2;
			usesTabs = 0;
		};
		83CBBA001A601CBA00E9B192 /* Products */ = {
			isa = PBXGroup;
			children = (
				13B07F961A680F5B00A75B9A /* goodtags.app */,
				00E356EE1AD99517003FC87E /* goodtagsTests.xctest */,
				BA282F80294FA047004E2192 /* goodtagsUITests.xctest */,
				BA923FC429B5153300B09F23 /* screenshot.xctest */,
			);
			name = Products;
			sourceTree = "<group>";
		};
		BA282F81294FA047004E2192 /* goodtagsUITests */ = {
			isa = PBXGroup;
			children = (
				BA282F82294FA047004E2192 /* goodtagsUITests.swift */,
				BA282F84294FA047004E2192 /* goodtagsUITestsLaunchTests.swift */,
			);
			path = goodtagsUITests;
			sourceTree = "<group>";
		};
		BA923FC529B5153300B09F23 /* screenshot */ = {
			isa = PBXGroup;
			children = (
				BA923FCF29B5154600B09F23 /* SnapshotHelper.swift */,
				BA923FC629B5153300B09F23 /* screenshot.swift */,
				BA923FC829B5153300B09F23 /* screenshotLaunchTests.swift */,
			);
			path = screenshot;
			sourceTree = "<group>";
		};
		BAD2C315294C3E0600AA1F08 /* notes */ = {
			isa = PBXGroup;
			children = (
				BAEF9C372946B93700BE394F /* aflat.mp3 */,
				BAEF9C3C2946B93700BE394F /* anatural.mp3 */,
				BAEF9C412946B93700BE394F /* bflat.mp3 */,
				BAEF9C3E2946B93700BE394F /* bnatural.mp3 */,
				BAEF9C3B2946B93700BE394F /* cnatural.mp3 */,
				BAEF9C432946B93700BE394F /* dflat.mp3 */,
				BAEF9C422946B93700BE394F /* dnatural.mp3 */,
				BAEF9C3F2946B93700BE394F /* eflat.mp3 */,
				BAEF9C3D2946B93700BE394F /* enatural.mp3 */,
				BAEF9C392946B93700BE394F /* fnatural.mp3 */,
				BAEF9C3A2946B93700BE394F /* gflat.mp3 */,
				BAEF9C402946B93700BE394F /* gnatural.mp3 */,
			);
			path = notes;
			sourceTree = "<group>";
		};
		BBD78D7AC51CEA395F1C20DB /* Pods */ = {
			isa = PBXGroup;
			children = (
				FEE74B9DD0DBBC05EAF2137A /* Pods-goodtags.debug.xcconfig */,
				C36E4C7A52AF7F0C4630ED5F /* Pods-goodtags.screenshot.xcconfig */,
				62DAAA88827BEB3E401D1FDB /* Pods-goodtags.release.xcconfig */,
				D9B9BC71ABA065395206AAFD /* Pods-goodtags-goodtagsTests.debug.xcconfig */,
				ECAEA11956D3396B3112BD7D /* Pods-goodtags-goodtagsTests.screenshot.xcconfig */,
				1F6164C68DF3F0B3EB373C9E /* Pods-goodtags-goodtagsTests.release.xcconfig */,
			);
			path = Pods;
			sourceTree = "<group>";
		};
		C2886697EC06AC4647F6E4AF /* goodtagsTests */ = {
			isa = PBXGroup;
			children = (
				960023538D189AD82CE4CE00 /* ExpoModulesProvider.swift */,
			);
			name = goodtagsTests;
			sourceTree = "<group>";
		};
/* End PBXGroup section */

/* Begin PBXNativeTarget section */
		00E356ED1AD99517003FC87E /* goodtagsTests */ = {
			isa = PBXNativeTarget;
			buildConfigurationList = 00E357021AD99517003FC87E /* Build configuration list for PBXNativeTarget "goodtagsTests" */;
			buildPhases = (
				35D73AE7D23E743B25BE209E /* [CP] Check Pods Manifest.lock */,
				F9961F3369B9C565AD7392B5 /* [Expo] Configure project */,
				00E356EA1AD99517003FC87E /* Sources */,
				00E356EB1AD99517003FC87E /* Frameworks */,
				00E356EC1AD99517003FC87E /* Resources */,
				E21F5F842561D6032650D28B /* [CP] Embed Pods Frameworks */,
				0E081954BF441ADBA3A58890 /* [CP] Copy Pods Resources */,
			);
			buildRules = (
			);
			dependencies = (
				00E356F51AD99517003FC87E /* PBXTargetDependency */,
			);
			name = goodtagsTests;
			productName = goodtagsTests;
			productReference = 00E356EE1AD99517003FC87E /* goodtagsTests.xctest */;
			productType = "com.apple.product-type.bundle.unit-test";
		};
		13B07F861A680F5B00A75B9A /* goodtags */ = {
			isa = PBXNativeTarget;
			buildConfigurationList = 13B07F931A680F5B00A75B9A /* Build configuration list for PBXNativeTarget "goodtags" */;
			buildPhases = (
				743A12DB8A85CC8909793C41 /* [CP] Check Pods Manifest.lock */,
				FD10A7F022414F080027D42C /* Start Packager */,
				9B866312F6A68A0CE51D2DB4 /* [Expo] Configure project */,
				13B07F871A680F5B00A75B9A /* Sources */,
				13B07F8C1A680F5B00A75B9A /* Frameworks */,
				13B07F8E1A680F5B00A75B9A /* Resources */,
				00DD1BFF1BD5951E006B06BC /* Bundle React Native code and images */,
				C588E49632806D0DAFE42FC5 /* [CP] Embed Pods Frameworks */,
				C92B4016B05F39B3E38DC311 /* [CP] Copy Pods Resources */,
			);
			buildRules = (
			);
			dependencies = (
			);
			name = goodtags;
			productName = goodtags;
			productReference = 13B07F961A680F5B00A75B9A /* goodtags.app */;
			productType = "com.apple.product-type.application";
		};
		BA282F7F294FA047004E2192 /* goodtagsUITests */ = {
			isa = PBXNativeTarget;
			buildConfigurationList = BA282F88294FA047004E2192 /* Build configuration list for PBXNativeTarget "goodtagsUITests" */;
			buildPhases = (
				BA282F7C294FA047004E2192 /* Sources */,
				BA282F7D294FA047004E2192 /* Frameworks */,
				BA282F7E294FA047004E2192 /* Resources */,
			);
			buildRules = (
			);
			dependencies = (
				BA282F87294FA047004E2192 /* PBXTargetDependency */,
			);
			name = goodtagsUITests;
			productName = goodtagsUITests;
			productReference = BA282F80294FA047004E2192 /* goodtagsUITests.xctest */;
			productType = "com.apple.product-type.bundle.ui-testing";
		};
		BA923FC329B5153300B09F23 /* screenshot */ = {
			isa = PBXNativeTarget;
			buildConfigurationList = BA923FCE29B5153300B09F23 /* Build configuration list for PBXNativeTarget "screenshot" */;
			buildPhases = (
				BA923FC029B5153300B09F23 /* Sources */,
				BA923FC129B5153300B09F23 /* Frameworks */,
				BA923FC229B5153300B09F23 /* Resources */,
			);
			buildRules = (
			);
			dependencies = (
				BA923FCB29B5153300B09F23 /* PBXTargetDependency */,
			);
			name = screenshot;
			productName = screenshot;
			productReference = BA923FC429B5153300B09F23 /* screenshot.xctest */;
			productType = "com.apple.product-type.bundle.ui-testing";
		};
/* End PBXNativeTarget section */

/* Begin PBXProject section */
		83CBB9F71A601CBA00E9B192 /* Project object */ = {
			isa = PBXProject;
			attributes = {
				LastSwiftUpdateCheck = 1420;
				LastUpgradeCheck = 1210;
				TargetAttributes = {
					00E356ED1AD99517003FC87E = {
						CreatedOnToolsVersion = 6.2;
						TestTargetID = 13B07F861A680F5B00A75B9A;
					};
					13B07F861A680F5B00A75B9A = {
						LastSwiftMigration = 1120;
					};
					BA282F7F294FA047004E2192 = {
						CreatedOnToolsVersion = 14.2;
						TestTargetID = 13B07F861A680F5B00A75B9A;
					};
					BA923FC329B5153300B09F23 = {
						CreatedOnToolsVersion = 14.2;
						TestTargetID = 13B07F861A680F5B00A75B9A;
					};
				};
			};
			buildConfigurationList = 83CBB9FA1A601CBA00E9B192 /* Build configuration list for PBXProject "goodtags" */;
			compatibilityVersion = "Xcode 12.0";
			developmentRegion = en;
			hasScannedForEncodings = 0;
			knownRegions = (
				en,
				Base,
			);
			mainGroup = 83CBB9F61A601CBA00E9B192;
			productRefGroup = 83CBBA001A601CBA00E9B192 /* Products */;
			projectDirPath = "";
			projectRoot = "";
			targets = (
				13B07F861A680F5B00A75B9A /* goodtags */,
				00E356ED1AD99517003FC87E /* goodtagsTests */,
				BA282F7F294FA047004E2192 /* goodtagsUITests */,
				BA923FC329B5153300B09F23 /* screenshot */,
			);
		};
/* End PBXProject section */

/* Begin PBXResourcesBuildPhase section */
		00E356EC1AD99517003FC87E /* Resources */ = {
			isa = PBXResourcesBuildPhase;
			buildActionMask = 2147483647;
			files = (
			);
			runOnlyForDeploymentPostprocessing = 0;
		};
		13B07F8E1A680F5B00A75B9A /* Resources */ = {
			isa = PBXResourcesBuildPhase;
			buildActionMask = 2147483647;
			files = (
				BAEF9C4F2946B93700BE394F /* dnatural.mp3 in Resources */,
				13B07FBF1A68108700A75B9A /* Images.xcassets in Resources */,
				BAEF9C492946B93700BE394F /* anatural.mp3 in Resources */,
				BAEF9C4D2946B93700BE394F /* gnatural.mp3 in Resources */,
				BAEF9C4C2946B93700BE394F /* eflat.mp3 in Resources */,
				BAEF9C4A2946B93700BE394F /* enatural.mp3 in Resources */,
				BAEF9C502946B93700BE394F /* dflat.mp3 in Resources */,
				BAEF9C4E2946B93700BE394F /* bflat.mp3 in Resources */,
				BAEF9C462946B93700BE394F /* fnatural.mp3 in Resources */,
				BAEF9C4B2946B93700BE394F /* bnatural.mp3 in Resources */,
				BAEF9C442946B93700BE394F /* aflat.mp3 in Resources */,
				83DB75A57A2943AAB61CE373 /* Vollkorn-Black.ttf in Resources */,
				BAD2C328294C4FA700AA1F08 /* LaunchScreen.xib in Resources */,
				BAEF9C472946B93700BE394F /* gflat.mp3 in Resources */,
				BAEF9C482946B93700BE394F /* cnatural.mp3 in Resources */,
				2732625C42AF445DBDB3CE94 /* Lato-Regular.ttf in Resources */,
				5B67A35CA1654C6691F299D4 /* Vollkorn-Regular.ttf in Resources */,
			);
			runOnlyForDeploymentPostprocessing = 0;
		};
		BA282F7E294FA047004E2192 /* Resources */ = {
			isa = PBXResourcesBuildPhase;
			buildActionMask = 2147483647;
			files = (
			);
			runOnlyForDeploymentPostprocessing = 0;
		};
		BA923FC229B5153300B09F23 /* Resources */ = {
			isa = PBXResourcesBuildPhase;
			buildActionMask = 2147483647;
			files = (
			);
			runOnlyForDeploymentPostprocessing = 0;
		};
/* End PBXResourcesBuildPhase section */

/* Begin PBXShellScriptBuildPhase section */
		00DD1BFF1BD5951E006B06BC /* Bundle React Native code and images */ = {
			isa = PBXShellScriptBuildPhase;
			buildActionMask = 2147483647;
			files = (
			);
			inputPaths = (
				"$(SRCROOT)/.xcode.env.local",
				"$(SRCROOT)/.xcode.env",
			);
			name = "Bundle React Native code and images";
			outputPaths = (
			);
			runOnlyForDeploymentPostprocessing = 0;
			shellPath = /bin/sh;
			shellScript = "if [[ -f \"$PODS_ROOT/../.xcode.env\" ]]; then\n  source \"$PODS_ROOT/../.xcode.env\"\nfi\nif [[ -f \"$PODS_ROOT/../.xcode.env.local\" ]]; then\n  source \"$PODS_ROOT/../.xcode.env.local\"\nfi\n\n# The project root by default is one level up from the ios directory\nexport PROJECT_ROOT=\"$PROJECT_DIR\"/..\n\nif [[ \"$CONFIGURATION\" = *Debug* ]]; then\n  export SKIP_BUNDLING=1\nfi\nif [[ -z \"$ENTRY_FILE\" ]]; then\n  # Set the entry JS file using the bundler's entry resolution.\n  export ENTRY_FILE=\"$(\"$NODE_BINARY\" -e \"require('expo/scripts/resolveAppEntry')\" \"$PROJECT_ROOT\" ios relative | tail -n 1)\"\nfi\n\nif [[ -z \"$CLI_PATH\" ]]; then\n  # Use Expo CLI\n  export CLI_PATH=\"$(\"$NODE_BINARY\" --print \"require.resolve('@expo/cli')\")\"\nfi\nif [[ -z \"$BUNDLE_COMMAND\" ]]; then\n  # Default Expo CLI command for bundling\n  export BUNDLE_COMMAND=\"export:embed\"\nfi\n\n`\"$NODE_BINARY\" --print \"require('path').dirname(require.resolve('react-native/package.json')) + '/scripts/react-native-xcode.sh'\"`\n";
		};
		0E081954BF441ADBA3A58890 /* [CP] Copy Pods Resources */ = {
			isa = PBXShellScriptBuildPhase;
			buildActionMask = 2147483647;
			files = (
			);
			inputFileListPaths = (
				"${PODS_ROOT}/Target Support Files/Pods-goodtags-goodtagsTests/Pods-goodtags-goodtagsTests-resources-${CONFIGURATION}-input-files.xcfilelist",
			);
			name = "[CP] Copy Pods Resources";
			outputFileListPaths = (
				"${PODS_ROOT}/Target Support Files/Pods-goodtags-goodtagsTests/Pods-goodtags-goodtagsTests-resources-${CONFIGURATION}-output-files.xcfilelist",
			);
			runOnlyForDeploymentPostprocessing = 0;
			shellPath = /bin/sh;
			shellScript = "\"${PODS_ROOT}/Target Support Files/Pods-goodtags-goodtagsTests/Pods-goodtags-goodtagsTests-resources.sh\"\n";
			showEnvVarsInLog = 0;
		};
		35D73AE7D23E743B25BE209E /* [CP] Check Pods Manifest.lock */ = {
			isa = PBXShellScriptBuildPhase;
			buildActionMask = 2147483647;
			files = (
			);
			inputFileListPaths = (
			);
			inputPaths = (
				"${PODS_PODFILE_DIR_PATH}/Podfile.lock",
				"${PODS_ROOT}/Manifest.lock",
			);
			name = "[CP] Check Pods Manifest.lock";
			outputFileListPaths = (
			);
			outputPaths = (
				"$(DERIVED_FILE_DIR)/Pods-goodtags-goodtagsTests-checkManifestLockResult.txt",
			);
			runOnlyForDeploymentPostprocessing = 0;
			shellPath = /bin/sh;
			shellScript = "diff \"${PODS_PODFILE_DIR_PATH}/Podfile.lock\" \"${PODS_ROOT}/Manifest.lock\" > /dev/null\nif [ $? != 0 ] ; then\n    # print error to STDERR\n    echo \"error: The sandbox is not in sync with the Podfile.lock. Run 'pod install' or update your CocoaPods installation.\" >&2\n    exit 1\nfi\n# This output is used by Xcode 'outputs' to avoid re-running this script phase.\necho \"SUCCESS\" > \"${SCRIPT_OUTPUT_FILE_0}\"\n";
			showEnvVarsInLog = 0;
		};
		743A12DB8A85CC8909793C41 /* [CP] Check Pods Manifest.lock */ = {
			isa = PBXShellScriptBuildPhase;
			buildActionMask = 2147483647;
			files = (
			);
			inputFileListPaths = (
			);
			inputPaths = (
				"${PODS_PODFILE_DIR_PATH}/Podfile.lock",
				"${PODS_ROOT}/Manifest.lock",
			);
			name = "[CP] Check Pods Manifest.lock";
			outputFileListPaths = (
			);
			outputPaths = (
				"$(DERIVED_FILE_DIR)/Pods-goodtags-checkManifestLockResult.txt",
			);
			runOnlyForDeploymentPostprocessing = 0;
			shellPath = /bin/sh;
			shellScript = "diff \"${PODS_PODFILE_DIR_PATH}/Podfile.lock\" \"${PODS_ROOT}/Manifest.lock\" > /dev/null\nif [ $? != 0 ] ; then\n    # print error to STDERR\n    echo \"error: The sandbox is not in sync with the Podfile.lock. Run 'pod install' or update your CocoaPods installation.\" >&2\n    exit 1\nfi\n# This output is used by Xcode 'outputs' to avoid re-running this script phase.\necho \"SUCCESS\" > \"${SCRIPT_OUTPUT_FILE_0}\"\n";
			showEnvVarsInLog = 0;
		};
		9B866312F6A68A0CE51D2DB4 /* [Expo] Configure project */ = {
			isa = PBXShellScriptBuildPhase;
			alwaysOutOfDate = 1;
			buildActionMask = 2147483647;
			files = (
			);
			inputFileListPaths = (
			);
			inputPaths = (
			);
			name = "[Expo] Configure project";
			outputFileListPaths = (
			);
			outputPaths = (
			);
			runOnlyForDeploymentPostprocessing = 0;
			shellPath = /bin/sh;
			shellScript = "# This script configures Expo modules and generates the modules provider file.\nbash -l -c \"./Pods/Target\\ Support\\ Files/Pods-goodtags/expo-configure-project.sh\"\n";
		};
		C588E49632806D0DAFE42FC5 /* [CP] Embed Pods Frameworks */ = {
			isa = PBXShellScriptBuildPhase;
			buildActionMask = 2147483647;
			files = (
			);
			inputFileListPaths = (
				"${PODS_ROOT}/Target Support Files/Pods-goodtags/Pods-goodtags-frameworks-${CONFIGURATION}-input-files.xcfilelist",
			);
			name = "[CP] Embed Pods Frameworks";
			outputFileListPaths = (
				"${PODS_ROOT}/Target Support Files/Pods-goodtags/Pods-goodtags-frameworks-${CONFIGURATION}-output-files.xcfilelist",
			);
			runOnlyForDeploymentPostprocessing = 0;
			shellPath = /bin/sh;
			shellScript = "\"${PODS_ROOT}/Target Support Files/Pods-goodtags/Pods-goodtags-frameworks.sh\"\n";
			showEnvVarsInLog = 0;
		};
		C92B4016B05F39B3E38DC311 /* [CP] Copy Pods Resources */ = {
			isa = PBXShellScriptBuildPhase;
			buildActionMask = 2147483647;
			files = (
			);
			inputFileListPaths = (
				"${PODS_ROOT}/Target Support Files/Pods-goodtags/Pods-goodtags-resources-${CONFIGURATION}-input-files.xcfilelist",
			);
			name = "[CP] Copy Pods Resources";
			outputFileListPaths = (
				"${PODS_ROOT}/Target Support Files/Pods-goodtags/Pods-goodtags-resources-${CONFIGURATION}-output-files.xcfilelist",
			);
			runOnlyForDeploymentPostprocessing = 0;
			shellPath = /bin/sh;
			shellScript = "\"${PODS_ROOT}/Target Support Files/Pods-goodtags/Pods-goodtags-resources.sh\"\n";
			showEnvVarsInLog = 0;
		};
		E21F5F842561D6032650D28B /* [CP] Embed Pods Frameworks */ = {
			isa = PBXShellScriptBuildPhase;
			buildActionMask = 2147483647;
			files = (
			);
			inputFileListPaths = (
				"${PODS_ROOT}/Target Support Files/Pods-goodtags-goodtagsTests/Pods-goodtags-goodtagsTests-frameworks-${CONFIGURATION}-input-files.xcfilelist",
			);
			name = "[CP] Embed Pods Frameworks";
			outputFileListPaths = (
				"${PODS_ROOT}/Target Support Files/Pods-goodtags-goodtagsTests/Pods-goodtags-goodtagsTests-frameworks-${CONFIGURATION}-output-files.xcfilelist",
			);
			runOnlyForDeploymentPostprocessing = 0;
			shellPath = /bin/sh;
			shellScript = "\"${PODS_ROOT}/Target Support Files/Pods-goodtags-goodtagsTests/Pods-goodtags-goodtagsTests-frameworks.sh\"\n";
			showEnvVarsInLog = 0;
		};
		F9961F3369B9C565AD7392B5 /* [Expo] Configure project */ = {
			isa = PBXShellScriptBuildPhase;
			alwaysOutOfDate = 1;
			buildActionMask = 2147483647;
			files = (
			);
			inputFileListPaths = (
			);
			inputPaths = (
			);
			name = "[Expo] Configure project";
			outputFileListPaths = (
			);
			outputPaths = (
			);
			runOnlyForDeploymentPostprocessing = 0;
			shellPath = /bin/sh;
			shellScript = "# This script configures Expo modules and generates the modules provider file.\nbash -l -c \"./Pods/Target\\ Support\\ Files/Pods-goodtags-goodtagsTests/expo-configure-project.sh\"\n";
		};
		FD10A7F022414F080027D42C /* Start Packager */ = {
			isa = PBXShellScriptBuildPhase;
			buildActionMask = 2147483647;
			files = (
			);
			inputFileListPaths = (
			);
			inputPaths = (
			);
			name = "Start Packager";
			outputFileListPaths = (
			);
			outputPaths = (
			);
			runOnlyForDeploymentPostprocessing = 0;
			shellPath = /bin/sh;
			shellScript = "if [[ -f \"$PODS_ROOT/../.xcode.env\" ]]; then\n  source \"$PODS_ROOT/../.xcode.env\"\nfi\nif [[ -f \"$PODS_ROOT/../.xcode.env.local\" ]]; then\n  source \"$PODS_ROOT/../.xcode.env.local\"\nfi\n\nexport RCT_METRO_PORT=\"${RCT_METRO_PORT:=8081}\"\necho \"export RCT_METRO_PORT=${RCT_METRO_PORT}\" > `$NODE_BINARY --print \"require('path').dirname(require.resolve('react-native/package.json')) + '/scripts/.packager.env'\"`\nif [ -z \"${RCT_NO_LAUNCH_PACKAGER+xxx}\" ] ; then\n  if nc -w 5 -z localhost ${RCT_METRO_PORT} ; then\n    if ! curl -s \"http://localhost:${RCT_METRO_PORT}/status\" | grep -q \"packager-status:running\" ; then\n      echo \"Port ${RCT_METRO_PORT} already in use, packager is either not running or not running correctly\"\n      exit 2\n    fi\n  else\n    open `$NODE_BINARY --print \"require('path').dirname(require.resolve('expo/package.json')) + '/scripts/launchPackager.command'\"` || echo \"Can't start packager automatically\"\n  fi\nfi\n";
			showEnvVarsInLog = 0;
		};
/* End PBXShellScriptBuildPhase section */

/* Begin PBXSourcesBuildPhase section */
		00E356EA1AD99517003FC87E /* Sources */ = {
			isa = PBXSourcesBuildPhase;
			buildActionMask = 2147483647;
			files = (
				00E356F31AD99517003FC87E /* goodtagsTests.m in Sources */,
				F48F964C43C72C2D20E1B4E7 /* ExpoModulesProvider.swift in Sources */,
			);
			runOnlyForDeploymentPostprocessing = 0;
		};
		13B07F871A680F5B00A75B9A /* Sources */ = {
			isa = PBXSourcesBuildPhase;
			buildActionMask = 2147483647;
			files = (
				13B07FBC1A68108700A75B9A /* AppDelegate.mm in Sources */,
				13B07FC11A68108700A75B9A /* main.m in Sources */,
				844FE9D14F3ED908F5BA81E3 /* ExpoModulesProvider.swift in Sources */,
			);
			runOnlyForDeploymentPostprocessing = 0;
		};
		BA282F7C294FA047004E2192 /* Sources */ = {
			isa = PBXSourcesBuildPhase;
			buildActionMask = 2147483647;
			files = (
				BA282F85294FA047004E2192 /* goodtagsUITestsLaunchTests.swift in Sources */,
				BA282F83294FA047004E2192 /* goodtagsUITests.swift in Sources */,
			);
			runOnlyForDeploymentPostprocessing = 0;
		};
		BA923FC029B5153300B09F23 /* Sources */ = {
			isa = PBXSourcesBuildPhase;
			buildActionMask = 2147483647;
			files = (
				BA923FC929B5153300B09F23 /* screenshotLaunchTests.swift in Sources */,
				BA923FC729B5153300B09F23 /* screenshot.swift in Sources */,
				BA923FD029B5154600B09F23 /* SnapshotHelper.swift in Sources */,
			);
			runOnlyForDeploymentPostprocessing = 0;
		};
/* End PBXSourcesBuildPhase section */

/* Begin PBXTargetDependency section */
		00E356F51AD99517003FC87E /* PBXTargetDependency */ = {
			isa = PBXTargetDependency;
			target = 13B07F861A680F5B00A75B9A /* goodtags */;
			targetProxy = 00E356F41AD99517003FC87E /* PBXContainerItemProxy */;
		};
		BA282F87294FA047004E2192 /* PBXTargetDependency */ = {
			isa = PBXTargetDependency;
			target = 13B07F861A680F5B00A75B9A /* goodtags */;
			targetProxy = BA282F86294FA047004E2192 /* PBXContainerItemProxy */;
		};
		BA923FCB29B5153300B09F23 /* PBXTargetDependency */ = {
			isa = PBXTargetDependency;
			target = 13B07F861A680F5B00A75B9A /* goodtags */;
			targetProxy = BA923FCA29B5153300B09F23 /* PBXContainerItemProxy */;
		};
/* End PBXTargetDependency section */

/* Begin XCBuildConfiguration section */
		00E356F61AD99517003FC87E /* Debug */ = {
			isa = XCBuildConfiguration;
			baseConfigurationReference = D9B9BC71ABA065395206AAFD /* Pods-goodtags-goodtagsTests.debug.xcconfig */;
			buildSettings = {
				BUNDLE_LOADER = "$(TEST_HOST)";
				CODE_SIGN_IDENTITY = "Apple Development";
				CODE_SIGN_STYLE = Automatic;
				DEVELOPMENT_TEAM = PXJ9SVB29P;
				GCC_PREPROCESSOR_DEFINITIONS = (
					"DEBUG=1",
					"$(inherited)",
				);
				INFOPLIST_FILE = goodtagsTests/Info.plist;
				IPHONEOS_DEPLOYMENT_TARGET = 13.0;
				LD_RUNPATH_SEARCH_PATHS = (
					"$(inherited)",
					"@executable_path/Frameworks",
					"@loader_path/Frameworks",
				);
				OTHER_LDFLAGS = (
					"-ObjC",
					"-lc++",
					"$(inherited)",
				);
				OTHER_SWIFT_FLAGS = "$(inherited) -D EXPO_CONFIGURATION_DEBUG";
				PRODUCT_BUNDLE_IDENTIFIER = com.fogcitysingers.goodtags;
				PRODUCT_NAME = "$(TARGET_NAME)";
				PROVISIONING_PROFILE_SPECIFIER = "";
				SWIFT_VERSION = 5.0;
				TEST_HOST = "$(BUILT_PRODUCTS_DIR)/goodtags.app/goodtags";
			};
			name = Debug;
		};
		00E356F71AD99517003FC87E /* Release */ = {
			isa = XCBuildConfiguration;
			baseConfigurationReference = 1F6164C68DF3F0B3EB373C9E /* Pods-goodtags-goodtagsTests.release.xcconfig */;
			buildSettings = {
				BUNDLE_LOADER = "$(TEST_HOST)";
				COPY_PHASE_STRIP = NO;
				INFOPLIST_FILE = goodtagsTests/Info.plist;
				IPHONEOS_DEPLOYMENT_TARGET = 13.0;
				LD_RUNPATH_SEARCH_PATHS = (
					"$(inherited)",
					"@executable_path/Frameworks",
					"@loader_path/Frameworks",
				);
				OTHER_LDFLAGS = (
					"-ObjC",
					"-lc++",
					"$(inherited)",
				);
				OTHER_SWIFT_FLAGS = "$(inherited) -D EXPO_CONFIGURATION_RELEASE";
				PRODUCT_BUNDLE_IDENTIFIER = "org.reactjs.native.example.$(PRODUCT_NAME:rfc1034identifier)";
				PRODUCT_NAME = "$(TARGET_NAME)";
				SWIFT_VERSION = 5.0;
				TEST_HOST = "$(BUILT_PRODUCTS_DIR)/goodtags.app/goodtags";
			};
			name = Release;
		};
		13B07F941A680F5B00A75B9A /* Debug */ = {
			isa = XCBuildConfiguration;
			baseConfigurationReference = FEE74B9DD0DBBC05EAF2137A /* Pods-goodtags.debug.xcconfig */;
			buildSettings = {
				ASSETCATALOG_COMPILER_APPICON_NAME = AppIcon;
				CLANG_ENABLE_MODULES = YES;
				CURRENT_PROJECT_VERSION = 77;
				DEVELOPMENT_TEAM = PXJ9SVB29P;
				ENABLE_BITCODE = NO;
				INFOPLIST_FILE = goodtags/Info.plist;
				INFOPLIST_KEY_CFBundleDisplayName = goodtags;
				INFOPLIST_KEY_LSApplicationCategoryType = "public.app-category.music";
				LD_RUNPATH_SEARCH_PATHS = (
					"$(inherited)",
					"@executable_path/Frameworks",
				);
				MARKETING_VERSION = 2.0.2;
				OTHER_LDFLAGS = (
					"$(inherited)",
					"-ObjC",
					"-lc++",
				);
				OTHER_SWIFT_FLAGS = "$(inherited) -D EXPO_CONFIGURATION_DEBUG";
				PRODUCT_BUNDLE_IDENTIFIER = com.fogcitysingers.goodtags;
				PRODUCT_NAME = goodtags;
				SUPPORTED_PLATFORMS = "iphoneos iphonesimulator";
				SUPPORTS_MACCATALYST = NO;
				SUPPORTS_MAC_DESIGNED_FOR_IPHONE_IPAD = NO;
				SWIFT_OPTIMIZATION_LEVEL = "-Onone";
				SWIFT_VERSION = 5.0;
				TARGETED_DEVICE_FAMILY = "1,2";
				VERSIONING_SYSTEM = "apple-generic";
			};
			name = Debug;
		};
		13B07F951A680F5B00A75B9A /* Release */ = {
			isa = XCBuildConfiguration;
			baseConfigurationReference = 62DAAA88827BEB3E401D1FDB /* Pods-goodtags.release.xcconfig */;
			buildSettings = {
				ASSETCATALOG_COMPILER_APPICON_NAME = AppIcon;
				CLANG_ENABLE_MODULES = YES;
				CURRENT_PROJECT_VERSION = 77;
				DEVELOPMENT_TEAM = PXJ9SVB29P;
				INFOPLIST_FILE = goodtags/Info.plist;
				INFOPLIST_KEY_CFBundleDisplayName = goodtags;
				INFOPLIST_KEY_LSApplicationCategoryType = "public.app-category.music";
				LD_RUNPATH_SEARCH_PATHS = (
					"$(inherited)",
					"@executable_path/Frameworks",
				);
				MARKETING_VERSION = 2.0.2;
				OTHER_LDFLAGS = (
					"$(inherited)",
					"-ObjC",
					"-lc++",
				);
				OTHER_SWIFT_FLAGS = "$(inherited) -D EXPO_CONFIGURATION_RELEASE";
				PRODUCT_BUNDLE_IDENTIFIER = com.fogcitysingers.goodtags;
				PRODUCT_NAME = goodtags;
				SUPPORTED_PLATFORMS = "iphoneos iphonesimulator";
				SUPPORTS_MACCATALYST = NO;
				SUPPORTS_MAC_DESIGNED_FOR_IPHONE_IPAD = NO;
				SWIFT_VERSION = 5.0;
				TARGETED_DEVICE_FAMILY = "1,2";
				VERSIONING_SYSTEM = "apple-generic";
			};
			name = Release;
		};
		83CBBA201A601CBA00E9B192 /* Debug */ = {
			isa = XCBuildConfiguration;
			buildSettings = {
				ALWAYS_SEARCH_USER_PATHS = NO;
				CLANG_ANALYZER_LOCALIZABILITY_NONLOCALIZED = YES;
				CLANG_CXX_LANGUAGE_STANDARD = "c++17";
				CLANG_CXX_LIBRARY = "libc++";
				CLANG_ENABLE_MODULES = YES;
				CLANG_ENABLE_OBJC_ARC = YES;
				CLANG_WARN_BLOCK_CAPTURE_AUTORELEASING = YES;
				CLANG_WARN_BOOL_CONVERSION = YES;
				CLANG_WARN_COMMA = YES;
				CLANG_WARN_CONSTANT_CONVERSION = YES;
				CLANG_WARN_DEPRECATED_OBJC_IMPLEMENTATIONS = YES;
				CLANG_WARN_DIRECT_OBJC_ISA_USAGE = YES_ERROR;
				CLANG_WARN_EMPTY_BODY = YES;
				CLANG_WARN_ENUM_CONVERSION = YES;
				CLANG_WARN_INFINITE_RECURSION = YES;
				CLANG_WARN_INT_CONVERSION = YES;
				CLANG_WARN_NON_LITERAL_NULL_CONVERSION = YES;
				CLANG_WARN_OBJC_IMPLICIT_RETAIN_SELF = YES;
				CLANG_WARN_OBJC_LITERAL_CONVERSION = YES;
				CLANG_WARN_OBJC_ROOT_CLASS = YES_ERROR;
				CLANG_WARN_QUOTED_INCLUDE_IN_FRAMEWORK_HEADER = YES;
				CLANG_WARN_RANGE_LOOP_ANALYSIS = YES;
				CLANG_WARN_STRICT_PROTOTYPES = YES;
				CLANG_WARN_SUSPICIOUS_MOVE = YES;
				CLANG_WARN_UNREACHABLE_CODE = YES;
				CLANG_WARN__DUPLICATE_METHOD_MATCH = YES;
				"CODE_SIGN_IDENTITY[sdk=iphoneos*]" = "iPhone Developer";
				COPY_PHASE_STRIP = NO;
				ENABLE_STRICT_OBJC_MSGSEND = YES;
				ENABLE_TESTABILITY = YES;
				"EXCLUDED_ARCHS[sdk=iphonesimulator*]" = i386;
				GCC_C_LANGUAGE_STANDARD = gnu99;
				GCC_DYNAMIC_NO_PIC = NO;
				GCC_NO_COMMON_BLOCKS = YES;
				GCC_OPTIMIZATION_LEVEL = 0;
				GCC_PREPROCESSOR_DEFINITIONS = (
					"DEBUG=1",
					"$(inherited)",
					_LIBCPP_ENABLE_CXX17_REMOVED_UNARY_BINARY_FUNCTION,
				);
				GCC_SYMBOLS_PRIVATE_EXTERN = NO;
				GCC_WARN_64_TO_32_BIT_CONVERSION = YES;
				GCC_WARN_ABOUT_RETURN_TYPE = YES_ERROR;
				GCC_WARN_UNDECLARED_SELECTOR = YES;
				GCC_WARN_UNINITIALIZED_AUTOS = YES_AGGRESSIVE;
				GCC_WARN_UNUSED_FUNCTION = YES;
				GCC_WARN_UNUSED_VARIABLE = YES;
				IPHONEOS_DEPLOYMENT_TARGET = 13.0;
				LD_RUNPATH_SEARCH_PATHS = (
					/usr/lib/swift,
					"$(inherited)",
				);
				LIBRARY_SEARCH_PATHS = (
					"\"$(SDKROOT)/usr/lib/swift\"",
					"\"$(TOOLCHAIN_DIR)/usr/lib/swift/$(PLATFORM_NAME)\"",
					"\"$(inherited)\"",
				);
				MTL_ENABLE_DEBUG_INFO = YES;
				ONLY_ACTIVE_ARCH = YES;
				OTHER_CFLAGS = "$(inherited)";
				OTHER_CPLUSPLUSFLAGS = (
					"$(OTHER_CFLAGS)",
					"-DFOLLY_NO_CONFIG",
					"-DFOLLY_MOBILE=1",
					"-DFOLLY_USE_LIBCPP=1",
				);
				OTHER_LDFLAGS = (
					"$(inherited)",
					" ",
				);
				REACT_NATIVE_PATH = "${PODS_ROOT}/../../node_modules/react-native";
				SDKROOT = iphoneos;
			};
			name = Debug;
		};
		83CBBA211A601CBA00E9B192 /* Release */ = {
			isa = XCBuildConfiguration;
			buildSettings = {
				ALWAYS_SEARCH_USER_PATHS = NO;
				CLANG_ANALYZER_LOCALIZABILITY_NONLOCALIZED = YES;
				CLANG_CXX_LANGUAGE_STANDARD = "c++17";
				CLANG_CXX_LIBRARY = "libc++";
				CLANG_ENABLE_MODULES = YES;
				CLANG_ENABLE_OBJC_ARC = YES;
				CLANG_WARN_BLOCK_CAPTURE_AUTORELEASING = YES;
				CLANG_WARN_BOOL_CONVERSION = YES;
				CLANG_WARN_COMMA = YES;
				CLANG_WARN_CONSTANT_CONVERSION = YES;
				CLANG_WARN_DEPRECATED_OBJC_IMPLEMENTATIONS = YES;
				CLANG_WARN_DIRECT_OBJC_ISA_USAGE = YES_ERROR;
				CLANG_WARN_EMPTY_BODY = YES;
				CLANG_WARN_ENUM_CONVERSION = YES;
				CLANG_WARN_INFINITE_RECURSION = YES;
				CLANG_WARN_INT_CONVERSION = YES;
				CLANG_WARN_NON_LITERAL_NULL_CONVERSION = YES;
				CLANG_WARN_OBJC_IMPLICIT_RETAIN_SELF = YES;
				CLANG_WARN_OBJC_LITERAL_CONVERSION = YES;
				CLANG_WARN_OBJC_ROOT_CLASS = YES_ERROR;
				CLANG_WARN_QUOTED_INCLUDE_IN_FRAMEWORK_HEADER = YES;
				CLANG_WARN_RANGE_LOOP_ANALYSIS = YES;
				CLANG_WARN_STRICT_PROTOTYPES = YES;
				CLANG_WARN_SUSPICIOUS_MOVE = YES;
				CLANG_WARN_UNREACHABLE_CODE = YES;
				CLANG_WARN__DUPLICATE_METHOD_MATCH = YES;
				"CODE_SIGN_IDENTITY[sdk=iphoneos*]" = "iPhone Developer";
				COPY_PHASE_STRIP = YES;
				ENABLE_NS_ASSERTIONS = NO;
				ENABLE_STRICT_OBJC_MSGSEND = YES;
				"EXCLUDED_ARCHS[sdk=iphonesimulator*]" = i386;
				GCC_C_LANGUAGE_STANDARD = gnu99;
				GCC_NO_COMMON_BLOCKS = YES;
				GCC_PREPROCESSOR_DEFINITIONS = (
					"$(inherited)",
					_LIBCPP_ENABLE_CXX17_REMOVED_UNARY_BINARY_FUNCTION,
				);
				GCC_WARN_64_TO_32_BIT_CONVERSION = YES;
				GCC_WARN_ABOUT_RETURN_TYPE = YES_ERROR;
				GCC_WARN_UNDECLARED_SELECTOR = YES;
				GCC_WARN_UNINITIALIZED_AUTOS = YES_AGGRESSIVE;
				GCC_WARN_UNUSED_FUNCTION = YES;
				GCC_WARN_UNUSED_VARIABLE = YES;
				IPHONEOS_DEPLOYMENT_TARGET = 13.0;
				LD_RUNPATH_SEARCH_PATHS = (
					/usr/lib/swift,
					"$(inherited)",
				);
				LIBRARY_SEARCH_PATHS = (
					"\"$(SDKROOT)/usr/lib/swift\"",
					"\"$(TOOLCHAIN_DIR)/usr/lib/swift/$(PLATFORM_NAME)\"",
					"\"$(inherited)\"",
				);
				MTL_ENABLE_DEBUG_INFO = NO;
				OTHER_CFLAGS = "$(inherited)";
				OTHER_CPLUSPLUSFLAGS = (
					"$(OTHER_CFLAGS)",
					"-DFOLLY_NO_CONFIG",
					"-DFOLLY_MOBILE=1",
					"-DFOLLY_USE_LIBCPP=1",
				);
				OTHER_LDFLAGS = (
					"$(inherited)",
					" ",
				);
				REACT_NATIVE_PATH = "${PODS_ROOT}/../../node_modules/react-native";
				SDKROOT = iphoneos;
				VALIDATE_PRODUCT = YES;
			};
			name = Release;
		};
		BA282F89294FA047004E2192 /* Debug */ = {
			isa = XCBuildConfiguration;
			buildSettings = {
				CLANG_ANALYZER_NONNULL = YES;
				CLANG_ANALYZER_NUMBER_OBJECT_CONVERSION = YES_AGGRESSIVE;
				CLANG_CXX_LANGUAGE_STANDARD = "gnu++20";
				CLANG_ENABLE_OBJC_WEAK = YES;
				CLANG_WARN_DOCUMENTATION_COMMENTS = YES;
				CLANG_WARN_UNGUARDED_AVAILABILITY = YES_AGGRESSIVE;
				CODE_SIGN_STYLE = Automatic;
				CURRENT_PROJECT_VERSION = 77;
				DEBUG_INFORMATION_FORMAT = dwarf;
				DEVELOPMENT_TEAM = PXJ9SVB29P;
				GCC_C_LANGUAGE_STANDARD = gnu11;
				GENERATE_INFOPLIST_FILE = YES;
				IPHONEOS_DEPLOYMENT_TARGET = 16.2;
				MARKETING_VERSION = 1.0;
				MTL_ENABLE_DEBUG_INFO = INCLUDE_SOURCE;
				MTL_FAST_MATH = YES;
				OTHER_SWIFT_FLAGS = "$(inherited) -D EXPO_CONFIGURATION_DEBUG";
				PRODUCT_BUNDLE_IDENTIFIER = com.fogcitysingers.goodtags.goodtagsUITests;
				PRODUCT_NAME = "$(TARGET_NAME)";
				SWIFT_ACTIVE_COMPILATION_CONDITIONS = DEBUG;
				SWIFT_EMIT_LOC_STRINGS = NO;
				SWIFT_OPTIMIZATION_LEVEL = "-Onone";
				SWIFT_VERSION = 5.0;
				TARGETED_DEVICE_FAMILY = "1,2";
				TEST_TARGET_NAME = goodtags;
			};
			name = Debug;
		};
		BA282F8A294FA047004E2192 /* Release */ = {
			isa = XCBuildConfiguration;
			buildSettings = {
				CLANG_ANALYZER_NONNULL = YES;
				CLANG_ANALYZER_NUMBER_OBJECT_CONVERSION = YES_AGGRESSIVE;
				CLANG_CXX_LANGUAGE_STANDARD = "gnu++20";
				CLANG_ENABLE_OBJC_WEAK = YES;
				CLANG_WARN_DOCUMENTATION_COMMENTS = YES;
				CLANG_WARN_UNGUARDED_AVAILABILITY = YES_AGGRESSIVE;
				CODE_SIGN_STYLE = Automatic;
				COPY_PHASE_STRIP = NO;
				CURRENT_PROJECT_VERSION = 77;
				DEBUG_INFORMATION_FORMAT = "dwarf-with-dsym";
				DEVELOPMENT_TEAM = PXJ9SVB29P;
				GCC_C_LANGUAGE_STANDARD = gnu11;
				GENERATE_INFOPLIST_FILE = YES;
				IPHONEOS_DEPLOYMENT_TARGET = 16.2;
				MARKETING_VERSION = 1.0;
				MTL_FAST_MATH = YES;
				OTHER_SWIFT_FLAGS = "$(inherited) -D EXPO_CONFIGURATION_RELEASE";
				PRODUCT_BUNDLE_IDENTIFIER = com.fogcitysingers.goodtags.goodtagsUITests;
				PRODUCT_NAME = "$(TARGET_NAME)";
				SWIFT_COMPILATION_MODE = wholemodule;
				SWIFT_EMIT_LOC_STRINGS = NO;
				SWIFT_OPTIMIZATION_LEVEL = "-O";
				SWIFT_VERSION = 5.0;
				TARGETED_DEVICE_FAMILY = "1,2";
				TEST_TARGET_NAME = goodtags;
			};
			name = Release;
		};
		BA923FCC29B5153300B09F23 /* Debug */ = {
			isa = XCBuildConfiguration;
			buildSettings = {
				CLANG_ANALYZER_NONNULL = YES;
				CLANG_ANALYZER_NUMBER_OBJECT_CONVERSION = YES_AGGRESSIVE;
				CLANG_CXX_LANGUAGE_STANDARD = "gnu++20";
				CLANG_ENABLE_OBJC_WEAK = YES;
				CLANG_WARN_DOCUMENTATION_COMMENTS = YES;
				CLANG_WARN_UNGUARDED_AVAILABILITY = YES_AGGRESSIVE;
				CODE_SIGN_STYLE = Automatic;
				CURRENT_PROJECT_VERSION = 1;
				DEBUG_INFORMATION_FORMAT = dwarf;
				DEVELOPMENT_TEAM = PXJ9SVB29P;
				GCC_C_LANGUAGE_STANDARD = gnu11;
				GENERATE_INFOPLIST_FILE = YES;
				IPHONEOS_DEPLOYMENT_TARGET = 16.2;
				MARKETING_VERSION = 1.0;
				MTL_ENABLE_DEBUG_INFO = INCLUDE_SOURCE;
				MTL_FAST_MATH = YES;
				OTHER_SWIFT_FLAGS = "$(inherited) -D EXPO_CONFIGURATION_DEBUG";
				PRODUCT_BUNDLE_IDENTIFIER = com.fogcitysingers.goodtags.screenshot;
				PRODUCT_NAME = "$(TARGET_NAME)";
				SWIFT_ACTIVE_COMPILATION_CONDITIONS = DEBUG;
				SWIFT_EMIT_LOC_STRINGS = NO;
				SWIFT_OPTIMIZATION_LEVEL = "-Onone";
				SWIFT_VERSION = 5.0;
				TARGETED_DEVICE_FAMILY = "1,2";
				TEST_TARGET_NAME = goodtags;
			};
			name = Debug;
		};
		BA923FCD29B5153300B09F23 /* Release */ = {
			isa = XCBuildConfiguration;
			buildSettings = {
				CLANG_ANALYZER_NONNULL = YES;
				CLANG_ANALYZER_NUMBER_OBJECT_CONVERSION = YES_AGGRESSIVE;
				CLANG_CXX_LANGUAGE_STANDARD = "gnu++20";
				CLANG_ENABLE_OBJC_WEAK = YES;
				CLANG_WARN_DOCUMENTATION_COMMENTS = YES;
				CLANG_WARN_UNGUARDED_AVAILABILITY = YES_AGGRESSIVE;
				CODE_SIGN_STYLE = Automatic;
				COPY_PHASE_STRIP = NO;
				CURRENT_PROJECT_VERSION = 1;
				DEBUG_INFORMATION_FORMAT = "dwarf-with-dsym";
				DEVELOPMENT_TEAM = PXJ9SVB29P;
				GCC_C_LANGUAGE_STANDARD = gnu11;
				GENERATE_INFOPLIST_FILE = YES;
				IPHONEOS_DEPLOYMENT_TARGET = 16.2;
				MARKETING_VERSION = 1.0;
				MTL_FAST_MATH = YES;
				OTHER_SWIFT_FLAGS = "$(inherited) -D EXPO_CONFIGURATION_RELEASE";
				PRODUCT_BUNDLE_IDENTIFIER = com.fogcitysingers.goodtags.screenshot;
				PRODUCT_NAME = "$(TARGET_NAME)";
				SWIFT_COMPILATION_MODE = wholemodule;
				SWIFT_EMIT_LOC_STRINGS = NO;
				SWIFT_OPTIMIZATION_LEVEL = "-O";
				SWIFT_VERSION = 5.0;
				TARGETED_DEVICE_FAMILY = "1,2";
				TEST_TARGET_NAME = goodtags;
			};
			name = Release;
		};
		BA923FD129B5168F00B09F23 /* Screenshot */ = {
			isa = XCBuildConfiguration;
			buildSettings = {
				ALWAYS_SEARCH_USER_PATHS = NO;
				CLANG_ANALYZER_LOCALIZABILITY_NONLOCALIZED = YES;
				CLANG_CXX_LANGUAGE_STANDARD = "c++17";
				CLANG_CXX_LIBRARY = "libc++";
				CLANG_ENABLE_MODULES = YES;
				CLANG_ENABLE_OBJC_ARC = YES;
				CLANG_WARN_BLOCK_CAPTURE_AUTORELEASING = YES;
				CLANG_WARN_BOOL_CONVERSION = YES;
				CLANG_WARN_COMMA = YES;
				CLANG_WARN_CONSTANT_CONVERSION = YES;
				CLANG_WARN_DEPRECATED_OBJC_IMPLEMENTATIONS = YES;
				CLANG_WARN_DIRECT_OBJC_ISA_USAGE = YES_ERROR;
				CLANG_WARN_EMPTY_BODY = YES;
				CLANG_WARN_ENUM_CONVERSION = YES;
				CLANG_WARN_INFINITE_RECURSION = YES;
				CLANG_WARN_INT_CONVERSION = YES;
				CLANG_WARN_NON_LITERAL_NULL_CONVERSION = YES;
				CLANG_WARN_OBJC_IMPLICIT_RETAIN_SELF = YES;
				CLANG_WARN_OBJC_LITERAL_CONVERSION = YES;
				CLANG_WARN_OBJC_ROOT_CLASS = YES_ERROR;
				CLANG_WARN_QUOTED_INCLUDE_IN_FRAMEWORK_HEADER = YES;
				CLANG_WARN_RANGE_LOOP_ANALYSIS = YES;
				CLANG_WARN_STRICT_PROTOTYPES = YES;
				CLANG_WARN_SUSPICIOUS_MOVE = YES;
				CLANG_WARN_UNREACHABLE_CODE = YES;
				CLANG_WARN__DUPLICATE_METHOD_MATCH = YES;
				"CODE_SIGN_IDENTITY[sdk=iphoneos*]" = "iPhone Developer";
				COPY_PHASE_STRIP = NO;
				ENABLE_STRICT_OBJC_MSGSEND = YES;
				ENABLE_TESTABILITY = YES;
				"EXCLUDED_ARCHS[sdk=iphonesimulator*]" = i386;
				GCC_C_LANGUAGE_STANDARD = gnu99;
				GCC_DYNAMIC_NO_PIC = NO;
				GCC_NO_COMMON_BLOCKS = YES;
				GCC_OPTIMIZATION_LEVEL = 0;
				GCC_PREPROCESSOR_DEFINITIONS = (
					"DEBUG=1",
					"$(inherited)",
					_LIBCPP_ENABLE_CXX17_REMOVED_UNARY_BINARY_FUNCTION,
				);
				GCC_SYMBOLS_PRIVATE_EXTERN = NO;
				GCC_WARN_64_TO_32_BIT_CONVERSION = YES;
				GCC_WARN_ABOUT_RETURN_TYPE = YES_ERROR;
				GCC_WARN_UNDECLARED_SELECTOR = YES;
				GCC_WARN_UNINITIALIZED_AUTOS = YES_AGGRESSIVE;
				GCC_WARN_UNUSED_FUNCTION = YES;
				GCC_WARN_UNUSED_VARIABLE = YES;
				IPHONEOS_DEPLOYMENT_TARGET = 13.0;
				LD_RUNPATH_SEARCH_PATHS = (
					/usr/lib/swift,
					"$(inherited)",
				);
				LIBRARY_SEARCH_PATHS = (
					"\"$(SDKROOT)/usr/lib/swift\"",
					"\"$(TOOLCHAIN_DIR)/usr/lib/swift/$(PLATFORM_NAME)\"",
					"\"$(inherited)\"",
				);
				MTL_ENABLE_DEBUG_INFO = YES;
				ONLY_ACTIVE_ARCH = YES;
				OTHER_CFLAGS = "$(inherited)";
				OTHER_CPLUSPLUSFLAGS = (
					"$(OTHER_CFLAGS)",
					"-DFOLLY_NO_CONFIG",
					"-DFOLLY_MOBILE=1",
					"-DFOLLY_USE_LIBCPP=1",
				);
				OTHER_LDFLAGS = (
					"$(inherited)",
					" ",
				);
				REACT_NATIVE_PATH = "${PODS_ROOT}/../../node_modules/react-native";
				SDKROOT = iphoneos;
			};
			name = Screenshot;
		};
		BA923FD229B5168F00B09F23 /* Screenshot */ = {
			isa = XCBuildConfiguration;
			baseConfigurationReference = C36E4C7A52AF7F0C4630ED5F /* Pods-goodtags.screenshot.xcconfig */;
			buildSettings = {
				ASSETCATALOG_COMPILER_APPICON_NAME = AppIcon;
				CLANG_ENABLE_MODULES = YES;
				CURRENT_PROJECT_VERSION = 77;
				DEVELOPMENT_TEAM = PXJ9SVB29P;
				ENABLE_BITCODE = NO;
				INFOPLIST_FILE = goodtags/Info.plist;
				INFOPLIST_KEY_CFBundleDisplayName = goodtags;
				INFOPLIST_KEY_LSApplicationCategoryType = "public.app-category.music";
				LD_RUNPATH_SEARCH_PATHS = (
					"$(inherited)",
					"@executable_path/Frameworks",
				);
				MARKETING_VERSION = 2.0.2;
				OTHER_LDFLAGS = (
					"$(inherited)",
					"-ObjC",
					"-lc++",
				);
				OTHER_SWIFT_FLAGS = "$(inherited) -D EXPO_CONFIGURATION_DEBUG";
				PRODUCT_BUNDLE_IDENTIFIER = com.fogcitysingers.goodtags;
				PRODUCT_NAME = goodtags;
				SUPPORTED_PLATFORMS = "iphoneos iphonesimulator";
				SUPPORTS_MACCATALYST = NO;
				SUPPORTS_MAC_DESIGNED_FOR_IPHONE_IPAD = NO;
				SWIFT_OPTIMIZATION_LEVEL = "-Onone";
				SWIFT_VERSION = 5.0;
				TARGETED_DEVICE_FAMILY = "1,2";
				VERSIONING_SYSTEM = "apple-generic";
			};
			name = Screenshot;
		};
		BA923FD329B5168F00B09F23 /* Screenshot */ = {
			isa = XCBuildConfiguration;
			baseConfigurationReference = ECAEA11956D3396B3112BD7D /* Pods-goodtags-goodtagsTests.screenshot.xcconfig */;
			buildSettings = {
				BUNDLE_LOADER = "$(TEST_HOST)";
				CODE_SIGN_IDENTITY = "Apple Development";
				CODE_SIGN_STYLE = Automatic;
				DEVELOPMENT_TEAM = PXJ9SVB29P;
				GCC_PREPROCESSOR_DEFINITIONS = (
					"DEBUG=1",
					"$(inherited)",
				);
				INFOPLIST_FILE = goodtagsTests/Info.plist;
				IPHONEOS_DEPLOYMENT_TARGET = 13.0;
				LD_RUNPATH_SEARCH_PATHS = (
					"$(inherited)",
					"@executable_path/Frameworks",
					"@loader_path/Frameworks",
				);
				OTHER_LDFLAGS = (
					"-ObjC",
					"-lc++",
					"$(inherited)",
				);
				OTHER_SWIFT_FLAGS = "$(inherited) -D EXPO_CONFIGURATION_DEBUG";
				PRODUCT_BUNDLE_IDENTIFIER = com.fogcitysingers.goodtags;
				PRODUCT_NAME = "$(TARGET_NAME)";
				PROVISIONING_PROFILE_SPECIFIER = "";
				SWIFT_VERSION = 5.0;
				TEST_HOST = "$(BUILT_PRODUCTS_DIR)/goodtags.app/goodtags";
			};
			name = Screenshot;
		};
		BA923FD429B5168F00B09F23 /* Screenshot */ = {
			isa = XCBuildConfiguration;
			buildSettings = {
				CLANG_ANALYZER_NONNULL = YES;
				CLANG_ANALYZER_NUMBER_OBJECT_CONVERSION = YES_AGGRESSIVE;
				CLANG_CXX_LANGUAGE_STANDARD = "gnu++20";
				CLANG_ENABLE_OBJC_WEAK = YES;
				CLANG_WARN_DOCUMENTATION_COMMENTS = YES;
				CLANG_WARN_UNGUARDED_AVAILABILITY = YES_AGGRESSIVE;
				CODE_SIGN_STYLE = Automatic;
				CURRENT_PROJECT_VERSION = 77;
				DEBUG_INFORMATION_FORMAT = dwarf;
				DEVELOPMENT_TEAM = PXJ9SVB29P;
				GCC_C_LANGUAGE_STANDARD = gnu11;
				GENERATE_INFOPLIST_FILE = YES;
				IPHONEOS_DEPLOYMENT_TARGET = 16.2;
				MARKETING_VERSION = 1.0;
				MTL_ENABLE_DEBUG_INFO = INCLUDE_SOURCE;
				MTL_FAST_MATH = YES;
				OTHER_SWIFT_FLAGS = "$(inherited) -D EXPO_CONFIGURATION_DEBUG";
				PRODUCT_BUNDLE_IDENTIFIER = com.fogcitysingers.goodtags.goodtagsUITests;
				PRODUCT_NAME = "$(TARGET_NAME)";
				SWIFT_ACTIVE_COMPILATION_CONDITIONS = DEBUG;
				SWIFT_EMIT_LOC_STRINGS = NO;
				SWIFT_OPTIMIZATION_LEVEL = "-Onone";
				SWIFT_VERSION = 5.0;
				TARGETED_DEVICE_FAMILY = "1,2";
				TEST_TARGET_NAME = goodtags;
			};
			name = Screenshot;
		};
		BA923FD529B5168F00B09F23 /* Screenshot */ = {
			isa = XCBuildConfiguration;
			buildSettings = {
				CLANG_ANALYZER_NONNULL = YES;
				CLANG_ANALYZER_NUMBER_OBJECT_CONVERSION = YES_AGGRESSIVE;
				CLANG_CXX_LANGUAGE_STANDARD = "gnu++20";
				CLANG_ENABLE_OBJC_WEAK = YES;
				CLANG_WARN_DOCUMENTATION_COMMENTS = YES;
				CLANG_WARN_UNGUARDED_AVAILABILITY = YES_AGGRESSIVE;
				CODE_SIGN_STYLE = Automatic;
				CURRENT_PROJECT_VERSION = 1;
				DEBUG_INFORMATION_FORMAT = dwarf;
				DEVELOPMENT_TEAM = PXJ9SVB29P;
				GCC_C_LANGUAGE_STANDARD = gnu11;
				GENERATE_INFOPLIST_FILE = YES;
				IPHONEOS_DEPLOYMENT_TARGET = 16.2;
				MARKETING_VERSION = 1.0;
				MTL_ENABLE_DEBUG_INFO = INCLUDE_SOURCE;
				MTL_FAST_MATH = YES;
				OTHER_SWIFT_FLAGS = "$(inherited) -D EXPO_CONFIGURATION_DEBUG";
				PRODUCT_BUNDLE_IDENTIFIER = com.fogcitysingers.goodtags.screenshot;
				PRODUCT_NAME = "$(TARGET_NAME)";
				SWIFT_ACTIVE_COMPILATION_CONDITIONS = DEBUG;
				SWIFT_EMIT_LOC_STRINGS = NO;
				SWIFT_OPTIMIZATION_LEVEL = "-Onone";
				SWIFT_VERSION = 5.0;
				TARGETED_DEVICE_FAMILY = "1,2";
				TEST_TARGET_NAME = goodtags;
			};
			name = Screenshot;
		};
/* End XCBuildConfiguration section */

/* Begin XCConfigurationList section */
		00E357021AD99517003FC87E /* Build configuration list for PBXNativeTarget "goodtagsTests" */ = {
			isa = XCConfigurationList;
			buildConfigurations = (
				00E356F61AD99517003FC87E /* Debug */,
				BA923FD329B5168F00B09F23 /* Screenshot */,
				00E356F71AD99517003FC87E /* Release */,
			);
			defaultConfigurationIsVisible = 0;
			defaultConfigurationName = Release;
		};
		13B07F931A680F5B00A75B9A /* Build configuration list for PBXNativeTarget "goodtags" */ = {
			isa = XCConfigurationList;
			buildConfigurations = (
				13B07F941A680F5B00A75B9A /* Debug */,
				BA923FD229B5168F00B09F23 /* Screenshot */,
				13B07F951A680F5B00A75B9A /* Release */,
			);
			defaultConfigurationIsVisible = 0;
			defaultConfigurationName = Release;
		};
		83CBB9FA1A601CBA00E9B192 /* Build configuration list for PBXProject "goodtags" */ = {
			isa = XCConfigurationList;
			buildConfigurations = (
				83CBBA201A601CBA00E9B192 /* Debug */,
				BA923FD129B5168F00B09F23 /* Screenshot */,
				83CBBA211A601CBA00E9B192 /* Release */,
			);
			defaultConfigurationIsVisible = 0;
			defaultConfigurationName = Release;
		};
		BA282F88294FA047004E2192 /* Build configuration list for PBXNativeTarget "goodtagsUITests" */ = {
			isa = XCConfigurationList;
			buildConfigurations = (
				BA282F89294FA047004E2192 /* Debug */,
				BA923FD429B5168F00B09F23 /* Screenshot */,
				BA282F8A294FA047004E2192 /* Release */,
			);
			defaultConfigurationIsVisible = 0;
			defaultConfigurationName = Release;
		};
		BA923FCE29B5153300B09F23 /* Build configuration list for PBXNativeTarget "screenshot" */ = {
			isa = XCConfigurationList;
			buildConfigurations = (
				BA923FCC29B5153300B09F23 /* Debug */,
				BA923FD529B5168F00B09F23 /* Screenshot */,
				BA923FCD29B5153300B09F23 /* Release */,
			);
			defaultConfigurationIsVisible = 0;
			defaultConfigurationName = Release;
		};
/* End XCConfigurationList section */
	};
	rootObject = 83CBB9F71A601CBA00E9B192 /* Project object */;
}
